github.com/creack/pty v1.1.9/go.mod h1:oKZEueFk5CKHvIhNR5MUki03XCEU+Q6VDXinZuGJ33E=
github.com/davecgh/go-spew v1.1.1 h1:vj9j/u1bqnvCEfJOwUhtlOARqs3+rkHYY13jYWTU97c=
github.com/emersion/go-ical v0.0.0-20220601085725-0864dccc089f h1:feGUUxxvOtWVOhTko8Cbmp33a+tU0IMZxMEmnkoAISQ=
github.com/emersion/go-ical v0.0.0-20220601085725-0864dccc089f/go.mod h1:2MKFUgfNMULRxqZkadG1Vh44we3y5gJAtTBlVsx1BKQ=
github.com/go-co-op/gocron v1.13.0 h1:BjkuNImPy5NuIPEifhWItFG7pYyr27cyjS6BN9w/D4c=
github.com/go-co-op/gocron v1.13.0/go.mod h1:GD5EIEly1YNW+LovFVx5dzbYVcIc8544K99D8UVRpGo=
github.com/kr/pty v1.1.1/go.mod h1:pFQYn66WHrOpPYNljwOMqo10TkYh1fy3cYio2l3bCsQ=
github.com/kr/text v0.1.0/go.mod h1:4Jbv+DJW3UT/LiOwJeYQe1efqtUx/iVham/4vfdArNI=
github.com/kr/text v0.2.0 h1:5Nx0Ya0ZqY2ygV366QzturHI13Jq95ApcVaJBhpS+AY=
github.com/kr/text v0.2.0/go.mod h1:eLer722TekiGuMkidMxC/pM04lWEeraHUUmBw8l2grE=
github.com/niemeyer/pretty v0.0.0-20200227124842-a10e7caefd8e h1:fD57ERR4JtEqsWbfPhv4DMiApHyliiK5xCTNVSPiaAs=
github.com/niemeyer/pretty v0.0.0-20200227124842-a10e7caefd8e/go.mod h1:zD1mROLANZcx1PVRCS0qkT7pwLkGfwJo4zjcN/Tysno=
github.com/pmezard/go-difflib v1.0.0 h1:4DBwDE0NGyQoBHbLQYPwSUPoCMWR5BEzIk/f1lZbAQM=
github.com/robfig/cron/v3 v3.0.1 h1:WdRxkvbJztn8LMz/QEvLN5sBU+xKpSqwwUO1Pjr4qDs=
github.com/robfig/cron/v3 v3.0.1/go.mod h1:eQICP3HwyT7UooqI/z+Ov+PtYAWygg1TEWWzGIFLtro=
github.com/stretchr/testify v1.7.1 h1:5TQK59W5E3v0r2duFAb7P95B6hEeOyEnHRa8MjYSMTY=
github.com/teambition/rrule-go v1.7.2 h1:goEajFWYydfCgavn2m/3w5U+1b3PGqPUHx/fFSVfTy0=
github.com/teambition/rrule-go v1.7.2/go.mod h1:mBJ1Ht5uboJ6jexKdNUJg2NcwP8uUMNvStWXlJD3MvU=
golang.org/x/crypto v0.0.0-20220513210258-46612604a0f9 h1:NUzdAbFtCJSXU20AOXgeqaUwg8Ypg4MPYmL+d+rsB5c=
golang.org/x/crypto v0.0.0-20220513210258-46612604a0f9/go.mod h1:IxCIyHEi3zRg3s0A5j5BB6A9Jmi73HwBIUl50j+osU4=
golang.org/x/net v0.0.0-20220513224357-95641704303c h1:nF9mHSvoKBLkQNQhJZNsc66z2UzAMUbLGjC95CF3pU0=
golang.org/x/net v0.0.0-20220513224357-95641704303c/go.mod h1:CfG3xpIq0wQ8r1q4Su4UZFWDARRcnwPjda9FqA0JpMk=
golang.org/x/sync v0.0.0-20210220032951-036812b2e83c h1:5KslGYwFpkhGh+Q16bwMP3cOontH8FOep7tGV86Y7SQ=
golang.org/x/sync v0.0.0-20210220032951-036812b2e83c/go.mod h1:RxMgew5VJxzue5/jJTE5uejpjVlOe/izrB70Jof72aM=
gopkg.in/check.v1 v0.0.0-20161208181325-20d25e280405/go.mod h1:Co6ibVJAznAaIkqp8huTwlJQCZ016jof/cbN4VW5Yz0=
gopkg.in/check.v1 v1.0.0-20200227125254-8fa46927fb4f h1:BLraFXnmrev5lT+xlilqcH8XK9/i0At2xKjWk4p6zsU=
gopkg.in/check.v1 v1.0.0-20200227125254-8fa46927fb4f/go.mod h1:Co6ibVJAznAaIkqp8huTwlJQCZ016jof/cbN4VW5Yz0=
gopkg.in/yaml.v3 v3.0.1 h1:fxVm/GzAzEWqLHuvctI91KS9hhNmmWOoWu0XTYJS7CA=
gopkg.in/yaml.v3 v3.0.1/go.mod h1:K4uyk7z7BCEPqu6E+C64Yfv1cQ7kz7rIZviUmN+EgEM=
maunium.net/go/mautrix v0.11.0 h1:B1FBHcvE4Mud+AC+zgNQQOw0JxSVrt40watCejhVA7w=
maunium.net/go/mautrix v0.11.0/go.mod h1:K29EcHwsNg6r7fMfwvi0GHQ9o5wSjqB9+Q8RjCIQEjA=
